
Microsoft Visual Studio Solution File, Format Version 12.00
# Visual Studio Version 17
VisualStudioVersion = 17.5.33424.131
MinimumVisualStudioVersion = 10.0.40219.1
Project("{888888A0-9F3D-457C-B088-3A5042F75D52}") = "NeuralNetwork", "NeuralNetwork.pyproj", "{2AC1B3F3-D548-4863-9635-F702CDB8B348}"
EndProject
Global
	GlobalSection(SolutionConfigurationPlatforms) = preSolution
		Debug|Any CPU = Debug|Any CPU
		Release|Any CPU = Release|Any CPU
	EndGlobalSection
	GlobalSection(ProjectConfigurationPlatforms) = postSolution
		{2AC1B3F3-D548-4863-9635-F702CDB8B348}.Debug|Any CPU.ActiveCfg = Debug|Any CPU
		{2AC1B3F3-D548-4863-9635-F702CDB8B348}.Release|Any CPU.ActiveCfg = Release|Any CPU
	EndGlobalSection
	GlobalSection(SolutionProperties) = preSolution
		HideSolutionNode = FALSE
	EndGlobalSection
	GlobalSection(ExtensibilityGlobals) = postSolution
		SolutionGuid = {546E96BA-578F-4B03-9F19-7A14B8E23FBB}
	EndGlobalSection
EndGlobal
